
Microsoft Visual Studio Solution File, Format Version 12.00
# Visual Studio Version 16
VisualStudioVersion = 16.0.36422.26
MinimumVisualStudioVersion = 10.0.40219.1
Project("{8BC9CEB8-8B4A-11D0-8D11-00A0C91BC942}") = "MonitorService", "MonitorService\MonitorService.vcxproj", "{73017F00-4C2B-402E-817F-D5C4FF45B321}"
EndProject
Project("{8BC9CEB8-8B4A-11D0-8D11-00A0C91BC942}") = "KeyGenTool", "KeyGenTool\KeyGenTool.vcxproj", "{3C734A52-E7DD-48E8-8F56-21FDDF01A912}"
EndProject
Project("{8BC9CEB8-8B4A-11D0-8D11-00A0C91BC942}") = "SharedAuthDLL", "SharedAuthDLL\SharedAuthDLL.vcxproj", "{FEAD13DE-5D62-46F5-AC49-FC9F46A68BBA}"
EndProject
Project("{8BC9CEB8-8B4A-11D0-8D11-00A0C91BC942}") = "ActivationHelper", "ActivationHelper\ActivationHelper.vcxproj", "{3EC9BACB-4D93-481C-AD77-6DC18A69FD32}"
EndProject
Project("{8BC9CEB8-8B4A-11D0-8D11-00A0C91BC942}") = "MonitorConfig", "MonitorConfig\MonitorConfig.vcxproj", "{CD86E17C-404A-4844-AB7F-77727DCB3509}"
EndProject
Global
	GlobalSection(SolutionConfigurationPlatforms) = preSolution
		Debug|x64 = Debug|x64
		Debug|x86 = Debug|x86
		Release|x64 = Release|x64
		Release|x86 = Release|x86
	EndGlobalSection
	GlobalSection(ProjectConfigurationPlatforms) = postSolution
		{73017F00-4C2B-402E-817F-D5C4FF45B321}.Debug|x64.ActiveCfg = Debug|x64
		{73017F00-4C2B-402E-817F-D5C4FF45B321}.Debug|x64.Build.0 = Debug|x64
		{73017F00-4C2B-402E-817F-D5C4FF45B321}.Debug|x86.ActiveCfg = Debug|Win32
		{73017F00-4C2B-402E-817F-D5C4FF45B321}.Debug|x86.Build.0 = Debug|Win32
		{73017F00-4C2B-402E-817F-D5C4FF45B321}.Release|x64.ActiveCfg = Release|x64
		{73017F00-4C2B-402E-817F-D5C4FF45B321}.Release|x64.Build.0 = Release|x64
		{73017F00-4C2B-402E-817F-D5C4FF45B321}.Release|x86.ActiveCfg = Release|Win32
		{73017F00-4C2B-402E-817F-D5C4FF45B321}.Release|x86.Build.0 = Release|Win32
		{3C734A52-E7DD-48E8-8F56-21FDDF01A912}.Debug|x64.ActiveCfg = Debug|x64
		{3C734A52-E7DD-48E8-8F56-21FDDF01A912}.Debug|x64.Build.0 = Debug|x64
		{3C734A52-E7DD-48E8-8F56-21FDDF01A912}.Debug|x86.ActiveCfg = Debug|Win32
		{3C734A52-E7DD-48E8-8F56-21FDDF01A912}.Debug|x86.Build.0 = Debug|Win32
		{3C734A52-E7DD-48E8-8F56-21FDDF01A912}.Release|x64.ActiveCfg = Release|x64
		{3C734A52-E7DD-48E8-8F56-21FDDF01A912}.Release|x64.Build.0 = Release|x64
		{3C734A52-E7DD-48E8-8F56-21FDDF01A912}.Release|x86.ActiveCfg = Release|Win32
		{3C734A52-E7DD-48E8-8F56-21FDDF01A912}.Release|x86.Build.0 = Release|Win32
		{FEAD13DE-5D62-46F5-AC49-FC9F46A68BBA}.Debug|x64.ActiveCfg = Debug|x64
		{FEAD13DE-5D62-46F5-AC49-FC9F46A68BBA}.Debug|x64.Build.0 = Debug|x64
		{FEAD13DE-5D62-46F5-AC49-FC9F46A68BBA}.Debug|x86.ActiveCfg = Debug|Win32
		{FEAD13DE-5D62-46F5-AC49-FC9F46A68BBA}.Debug|x86.Build.0 = Debug|Win32
		{FEAD13DE-5D62-46F5-AC49-FC9F46A68BBA}.Release|x64.ActiveCfg = Release|x64
		{FEAD13DE-5D62-46F5-AC49-FC9F46A68BBA}.Release|x64.Build.0 = Release|x64
		{FEAD13DE-5D62-46F5-AC49-FC9F46A68BBA}.Release|x86.ActiveCfg = Release|Win32
		{FEAD13DE-5D62-46F5-AC49-FC9F46A68BBA}.Release|x86.Build.0 = Release|Win32
		{3EC9BACB-4D93-481C-AD77-6DC18A69FD32}.Debug|x64.ActiveCfg = Debug|x64
		{3EC9BACB-4D93-481C-AD77-6DC18A69FD32}.Debug|x64.Build.0 = Debug|x64
		{3EC9BACB-4D93-481C-AD77-6DC18A69FD32}.Debug|x86.ActiveCfg = Debug|Win32
		{3EC9BACB-4D93-481C-AD77-6DC18A69FD32}.Debug|x86.Build.0 = Debug|Win32
		{3EC9BACB-4D93-481C-AD77-6DC18A69FD32}.Release|x64.ActiveCfg = Release|x64
		{3EC9BACB-4D93-481C-AD77-6DC18A69FD32}.Release|x64.Build.0 = Release|x64
		{3EC9BACB-4D93-481C-AD77-6DC18A69FD32}.Release|x86.ActiveCfg = Release|Win32
		{3EC9BACB-4D93-481C-AD77-6DC18A69FD32}.Release|x86.Build.0 = Release|Win32
		{CD86E17C-404A-4844-AB7F-77727DCB3509}.Debug|x64.ActiveCfg = Debug|x64
		{CD86E17C-404A-4844-AB7F-77727DCB3509}.Debug|x64.Build.0 = Debug|x64
		{CD86E17C-404A-4844-AB7F-77727DCB3509}.Debug|x86.ActiveCfg = Debug|Win32
		{CD86E17C-404A-4844-AB7F-77727DCB3509}.Debug|x86.Build.0 = Debug|Win32
		{CD86E17C-404A-4844-AB7F-77727DCB3509}.Release|x64.ActiveCfg = Release|x64
		{CD86E17C-404A-4844-AB7F-77727DCB3509}.Release|x64.Build.0 = Release|x64
		{CD86E17C-404A-4844-AB7F-77727DCB3509}.Release|x86.ActiveCfg = Release|Win32
		{CD86E17C-404A-4844-AB7F-77727DCB3509}.Release|x86.Build.0 = Release|Win32
	EndGlobalSection
	GlobalSection(SolutionProperties) = preSolution
		HideSolutionNode = FALSE
	EndGlobalSection
	GlobalSection(ExtensibilityGlobals) = postSolution
		SolutionGuid = {91AC1DDB-0CC4-4A73-A653-3FD47B347A9F}
	EndGlobalSection
EndGlobal
